Microsoft Visual Studio Solution File, Format Version 12.00
# Visual Studio Version 17
VisualStudioVersion = 17.13.35931.197
MinimumVisualStudioVersion = 10.0.40219.1
Project("{FAE04EC0-301F-11D3-BF4B-00C04F79EFBC}") = "ECommerce.BusinessLogic", "ECommerce.BusinessLogic\ECommerce.BusinessLogic.csproj", "{9F5264C9-1945-4B1A-8C1D-3B767914205B}"
EndProject
Project("{FAE04EC0-301F-11D3-BF4B-00C04F79EFBC}") = "ECommerce.Repository", "ECommerce.Repository\ECommerce.Repository.csproj", "{94B56444-A352-4FA1-B435-39B541243C1E}"
EndProject
Project("{FAE04EC0-301F-11D3-BF4B-00C04F79EFBC}") = "NextCart-User-UI", "NextCart-UI\NextCart-User-UI.csproj", "{794EBC0A-D646-46D5-BF37-6FC0EBC62392}"
EndProject
Global
	GlobalSection(SolutionConfigurationPlatforms) = preSolution
		Debug|Any CPU = Debug|Any CPU
		Release|Any CPU = Release|Any CPU
	EndGlobalSection
	GlobalSection(ProjectConfigurationPlatforms) = postSolution
		{9F5264C9-1945-4B1A-8C1D-3B767914205B}.Debug|Any CPU.ActiveCfg = Debug|Any CPU
		{9F5264C9-1945-4B1A-8C1D-3B767914205B}.Debug|Any CPU.Build.0 = Debug|Any CPU
		{9F5264C9-1945-4B1A-8C1D-3B767914205B}.Release|Any CPU.ActiveCfg = Release|Any CPU
		{9F5264C9-1945-4B1A-8C1D-3B767914205B}.Release|Any CPU.Build.0 = Release|Any CPU
		{94B56444-A352-4FA1-B435-39B541243C1E}.Debug|Any CPU.ActiveCfg = Debug|Any CPU
		{94B56444-A352-4FA1-B435-39B541243C1E}.Debug|Any CPU.Build.0 = Debug|Any CPU
		{94B56444-A352-4FA1-B435-39B541243C1E}.Release|Any CPU.ActiveCfg = Release|Any CPU
		{94B56444-A352-4FA1-B435-39B541243C1E}.Release|Any CPU.Build.0 = Release|Any CPU
		{794EBC0A-D646-46D5-BF37-6FC0EBC62392}.Debug|Any CPU.ActiveCfg = Debug|Any CPU
		{794EBC0A-D646-46D5-BF37-6FC0EBC62392}.Debug|Any CPU.Build.0 = Debug|Any CPU
		{794EBC0A-D646-46D5-BF37-6FC0EBC62392}.Release|Any CPU.ActiveCfg = Release|Any CPU
		{794EBC0A-D646-46D5-BF37-6FC0EBC62392}.Release|Any CPU.Build.0 = Release|Any CPU
	EndGlobalSection
	GlobalSection(SolutionProperties) = preSolution
		HideSolutionNode = FALSE
	EndGlobalSection
	GlobalSection(ExtensibilityGlobals) = postSolution
		SolutionGuid = {2E7A44A8-6FFC-46A2-9795-B059BA682F2C}
	EndGlobalSection
EndGlobal
